// !$*UTF8*$!
{
	archiveVersion = 1;
	classes = {
	};
	objectVersion = 50;
	objects = {

/* Begin PBXBuildFile section */
		3F066C222192BF9600710AD5 /* AppDelegate.swift in Sources */ = {isa = PBXBuildFile; fileRef = 3F066C212192BF9600710AD5 /* AppDelegate.swift */; };
		3F066C242192BF9600710AD5 /* ViewController.swift in Sources */ = {isa = PBXBuildFile; fileRef = 3F066C232192BF9600710AD5 /* ViewController.swift */; };
		3F066C272192BF9600710AD5 /* Main.storyboard in Resources */ = {isa = PBXBuildFile; fileRef = 3F066C252192BF9600710AD5 /* Main.storyboard */; };
		3F066C292192BF9700710AD5 /* Assets.xcassets in Resources */ = {isa = PBXBuildFile; fileRef = 3F066C282192BF9700710AD5 /* Assets.xcassets */; };
		3F066C2C2192BF9700710AD5 /* LaunchScreen.storyboard in Resources */ = {isa = PBXBuildFile; fileRef = 3F066C2A2192BF9700710AD5 /* LaunchScreen.storyboard */; };
		3F066C372192BF9700710AD5 /* scrollViewTests.swift in Sources */ = {isa = PBXBuildFile; fileRef = 3F066C362192BF9700710AD5 /* scrollViewTests.swift */; };
		3F066C422192BF9700710AD5 /* scrollViewUITests.swift in Sources */ = {isa = PBXBuildFile; fileRef = 3F066C412192BF9700710AD5 /* scrollViewUITests.swift */; };
/* End PBXBuildFile section */

/* Begin PBXContainerItemProxy section */
		3F066C332192BF9700710AD5 /* PBXContainerItemProxy */ = {
			isa = PBXContainerItemProxy;
			containerPortal = 3F066C162192BF9600710AD5 /* Project object */;
			proxyType = 1;
			remoteGlobalIDString = 3F066C1D2192BF9600710AD5;
			remoteInfo = scrollView;
		};
		3F066C3E2192BF9700710AD5 /* PBXContainerItemProxy */ = {
			isa = PBXContainerItemProxy;
			containerPortal = 3F066C162192BF9600710AD5 /* Project object */;
			proxyType = 1;
			remoteGlobalIDString = 3F066C1D2192BF9600710AD5;
			remoteInfo = scrollView;
		};
/* End PBXContainerItemProxy section */

/* Begin PBXFileReference section */
		3F066C1E2192BF9600710AD5 /* scrollView.app */ = {isa = PBXFileReference; explicitFileType = wrapper.application; includeInIndex = 0; path = scrollView.app; sourceTree = BUILT_PRODUCTS_DIR; };
		3F066C212192BF9600710AD5 /* AppDelegate.swift */ = {isa = PBXFileReference; lastKnownFileType = sourcecode.swift; path = AppDelegate.swift; sourceTree = "<group>"; };
		3F066C232192BF9600710AD5 /* ViewController.swift */ = {isa = PBXFileReference; lastKnownFileType = sourcecode.swift; path = ViewController.swift; sourceTree = "<group>"; };
		3F066C262192BF9600710AD5 /* Base */ = {isa = PBXFileReference; lastKnownFileType = file.storyboard; name = Base; path = Base.lproj/Main.storyboard; sourceTree = "<group>"; };
		3F066C282192BF9700710AD5 /* Assets.xcassets */ = {isa = PBXFileReference; lastKnownFileType = folder.assetcatalog; path = Assets.xcassets; sourceTree = "<group>"; };
		3F066C2B2192BF9700710AD5 /* Base */ = {isa = PBXFileReference; lastKnownFileType = file.storyboard; name = Base; path = Base.lproj/LaunchScreen.storyboard; sourceTree = "<group>"; };
		3F066C2D2192BF9700710AD5 /* Info.plist */ = {isa = PBXFileReference; lastKnownFileType = text.plist.xml; path = Info.plist; sourceTree = "<group>"; };
		3F066C322192BF9700710AD5 /* scrollViewTests.xctest */ = {isa = PBXFileReference; explicitFileType = wrapper.cfbundle; includeInIndex = 0; path = scrollViewTests.xctest; sourceTree = BUILT_PRODUCTS_DIR; };
		3F066C362192BF9700710AD5 /* scrollViewTests.swift */ = {isa = PBXFileReference; lastKnownFileType = sourcecode.swift; path = scrollViewTests.swift; sourceTree = "<group>"; };
		3F066C382192BF9700710AD5 /* Info.plist */ = {isa = PBXFileReference; lastKnownFileType = text.plist.xml; path = Info.plist; sourceTree = "<group>"; };
		3F066C3D2192BF9700710AD5 /* scrollViewUITests.xctest */ = {isa = PBXFileReference; explicitFileType = wrapper.cfbundle; includeInIndex = 0; path = scrollViewUITests.xctest; sourceTree = BUILT_PRODUCTS_DIR; };
		3F066C412192BF9700710AD5 /* scrollViewUITests.swift */ = {isa = PBXFileReference; lastKnownFileType = sourcecode.swift; path = scrollViewUITests.swift; sourceTree = "<group>"; };
		3F066C432192BF9700710AD5 /* Info.plist */ = {isa = PBXFileReference; lastKnownFileType = text.plist.xml; path = Info.plist; sourceTree = "<group>"; };
/* End PBXFileReference section */

/* Begin PBXFrameworksBuildPhase section */
		3F066C1B2192BF9600710AD5 /* Frameworks */ = {
			isa = PBXFrameworksBuildPhase;
			buildActionMask = 2147483647;
			files = (
			);
			runOnlyForDeploymentPostprocessing = 0;
		};
		3F066C2F2192BF9700710AD5 /* Frameworks */ = {
			isa = PBXFrameworksBuildPhase;
			buildActionMask = 2147483647;
			files = (
			);
			runOnlyForDeploymentPostprocessing = 0;
		};
		3F066C3A2192BF9700710AD5 /* Frameworks */ = {
			isa = PBXFrameworksBuildPhase;
			buildActionMask = 2147483647;
			files = (
			);
			runOnlyForDeploymentPostprocessing = 0;
		};
/* End PBXFrameworksBuildPhase section */

/* Begin PBXGroup section */
		3F066C152192BF9600710AD5 = {
			isa = PBXGroup;
			children = (
				3F066C202192BF9600710AD5 /* scrollView */,
				3F066C352192BF9700710AD5 /* scrollViewTests */,
				3F066C402192BF9700710AD5 /* scrollViewUITests */,
				3F066C1F2192BF9600710AD5 /* Products */,
			);
			sourceTree = "<group>";
		};
		3F066C1F2192BF9600710AD5 /* Products */ = {
			isa = PBXGroup;
			children = (
				3F066C1E2192BF9600710AD5 /* scrollView.app */,
				3F066C322192BF9700710AD5 /* scrollViewTests.xctest */,
				3F066C3D2192BF9700710AD5 /* scrollViewUITests.xctest */,
			);
			name = Products;
			sourceTree = "<group>";
		};
		3F066C202192BF9600710AD5 /* scrollView */ = {
			isa = PBXGroup;
			children = (
				3F066C212192BF9600710AD5 /* AppDelegate.swift */,
				3F066C232192BF9600710AD5 /* ViewController.swift */,
				3F066C252192BF9600710AD5 /* Main.storyboard */,
				3F066C282192BF9700710AD5 /* Assets.xcassets */,
				3F066C2A2192BF9700710AD5 /* LaunchScreen.storyboard */,
				3F066C2D2192BF9700710AD5 /* Info.plist */,
			);
			path = scrollView;
			sourceTree = "<group>";
		};
		3F066C352192BF9700710AD5 /* scrollViewTests */ = {
			isa = PBXGroup;
			children = (
				3F066C362192BF9700710AD5 /* scrollViewTests.swift */,
				3F066C382192BF9700710AD5 /* Info.plist */,
			);
			path = scrollViewTests;
			sourceTree = "<group>";
		};
		3F066C402192BF9700710AD5 /* scrollViewUITests */ = {
			isa = PBXGroup;
			children = (
				3F066C412192BF9700710AD5 /* scrollViewUITests.swift */,
				3F066C432192BF9700710AD5 /* Info.plist */,
			);
			path = scrollViewUITests;
			sourceTree = "<group>";
		};
/* End PBXGroup section */

/* Begin PBXNativeTarget section */
		3F066C1D2192BF9600710AD5 /* scrollView */ = {
			isa = PBXNativeTarget;
			buildConfigurationList = 3F066C462192BF9700710AD5 /* Build configuration list for PBXNativeTarget "scrollView" */;
			buildPhases = (
				3F066C1A2192BF9600710AD5 /* Sources */,
				3F066C1B2192BF9600710AD5 /* Frameworks */,
				3F066C1C2192BF9600710AD5 /* Resources */,
			);
			buildRules = (
			);
			dependencies = (
			);
			name = scrollView;
			productName = scrollView;
			productReference = 3F066C1E2192BF9600710AD5 /* scrollView.app */;
			productType = "com.apple.product-type.application";
		};
		3F066C312192BF9700710AD5 /* scrollViewTests */ = {
			isa = PBXNativeTarget;
			buildConfigurationList = 3F066C492192BF9700710AD5 /* Build configuration list for PBXNativeTarget "scrollViewTests" */;
			buildPhases = (
				3F066C2E2192BF9700710AD5 /* Sources */,
				3F066C2F2192BF9700710AD5 /* Frameworks */,
				3F066C302192BF9700710AD5 /* Resources */,
			);
			buildRules = (
			);
			dependencies = (
				3F066C342192BF9700710AD5 /* PBXTargetDependency */,
			);
			name = scrollViewTests;
			productName = scrollViewTests;
			productReference = 3F066C322192BF9700710AD5 /* scrollViewTests.xctest */;
			productType = "com.apple.product-type.bundle.unit-test";
		};
		3F066C3C2192BF9700710AD5 /* scrollViewUITests */ = {
			isa = PBXNativeTarget;
			buildConfigurationList = 3F066C4C2192BF9700710AD5 /* Build configuration list for PBXNativeTarget "scrollViewUITests" */;
			buildPhases = (
				3F066C392192BF9700710AD5 /* Sources */,
				3F066C3A2192BF9700710AD5 /* Frameworks */,
				3F066C3B2192BF9700710AD5 /* Resources */,
			);
			buildRules = (
			);
			dependencies = (
				3F066C3F2192BF9700710AD5 /* PBXTargetDependency */,
			);
			name = scrollViewUITests;
			productName = scrollViewUITests;
			productReference = 3F066C3D2192BF9700710AD5 /* scrollViewUITests.xctest */;
			productType = "com.apple.product-type.bundle.ui-testing";
		};
/* End PBXNativeTarget section */

/* Begin PBXProject section */
		3F066C162192BF9600710AD5 /* Project object */ = {
			isa = PBXProject;
			attributes = {
				LastSwiftUpdateCheck = 1000;
				LastUpgradeCheck = 1000;
				ORGANIZATIONNAME = XTX;
				TargetAttributes = {
					3F066C1D2192BF9600710AD5 = {
						CreatedOnToolsVersion = 10.0;
					};
					3F066C312192BF9700710AD5 = {
						CreatedOnToolsVersion = 10.0;
						TestTargetID = 3F066C1D2192BF9600710AD5;
					};
					3F066C3C2192BF9700710AD5 = {
						CreatedOnToolsVersion = 10.0;
						TestTargetID = 3F066C1D2192BF9600710AD5;
					};
				};
			};
			buildConfigurationList = 3F066C192192BF9600710AD5 /* Build configuration list for PBXProject "scrollView" */;
			compatibilityVersion = "Xcode 9.3";
			developmentRegion = en;
			hasScannedForEncodings = 0;
			knownRegions = (
				en,
				Base,
			);
			mainGroup = 3F066C152192BF9600710AD5;
			productRefGroup = 3F066C1F2192BF9600710AD5 /* Products */;
			projectDirPath = "";
			projectRoot = "";
			targets = (
				3F066C1D2192BF9600710AD5 /* scrollView */,
				3F066C312192BF9700710AD5 /* scrollViewTests */,
				3F066C3C2192BF9700710AD5 /* scrollViewUITests */,
			);
		};
/* End PBXProject section */

/* Begin PBXResourcesBuildPhase section */
		3F066C1C2192BF9600710AD5 /* Resources */ = {
			isa = PBXResourcesBuildPhase;
			buildActionMask = 2147483647;
			files = (
				3F066C2C2192BF9700710AD5 /* LaunchScreen.storyboard in Resources */,
				3F066C292192BF9700710AD5 /* Assets.xcassets in Resources */,
				3F066C272192BF9600710AD5 /* Main.storyboard in Resources */,
			);
			runOnlyForDeploymentPostprocessing = 0;
		};
		3F066C302192BF9700710AD5 /* Resources */ = {
			isa = PBXResourcesBuildPhase;
			buildActionMask = 2147483647;
			files = (
			);
			runOnlyForDeploymentPostprocessing = 0;
		};
		3F066C3B2192BF9700710AD5 /* Resources */ = {
			isa = PBXResourcesBuildPhase;
			buildActionMask = 2147483647;
			files = (
			);
			runOnlyForDeploymentPostprocessing = 0;
		};
/* End PBXResourcesBuildPhase section */

/* Begin PBXSourcesBuildPhase section */
		3F066C1A2192BF9600710AD5 /* Sources */ = {
			isa = PBXSourcesBuildPhase;
			buildActionMask = 2147483647;
			files = (
				3F066C242192BF9600710AD5 /* ViewController.swift in Sources */,
				3F066C222192BF9600710AD5 /* AppDelegate.swift in Sources */,
			);
			runOnlyForDeploymentPostprocessing = 0;
		};
		3F066C2E2192BF9700710AD5 /* Sources */ = {
			isa = PBXSourcesBuildPhase;
			buildActionMask = 2147483647;
			files = (
				3F066C372192BF9700710AD5 /* scrollViewTests.swift in Sources */,
			);
			runOnlyForDeploymentPostprocessing = 0;
		};
		3F066C392192BF9700710AD5 /* Sources */ = {
			isa = PBXSourcesBuildPhase;
			buildActionMask = 2147483647;
			files = (
				3F066C422192BF9700710AD5 /* scrollViewUITests.swift in Sources */,
			);
			runOnlyForDeploymentPostprocessing = 0;
		};
/* End PBXSourcesBuildPhase section */

/* Begin PBXTargetDependency section */
		3F066C342192BF9700710AD5 /* PBXTargetDependency */ = {
			isa = PBXTargetDependency;
			target = 3F066C1D2192BF9600710AD5 /* scrollView */;
			targetProxy = 3F066C332192BF9700710AD5 /* PBXContainerItemProxy */;
		};
		3F066C3F2192BF9700710AD5 /* PBXTargetDependency */ = {
			isa = PBXTargetDependency;
			target = 3F066C1D2192BF9600710AD5 /* scrollView */;
			targetProxy = 3F066C3E2192BF9700710AD5 /* PBXContainerItemProxy */;
		};
/* End PBXTargetDependency section */

/* Begin PBXVariantGroup section */
		3F066C252192BF9600710AD5 /* Main.storyboard */ = {
			isa = PBXVariantGroup;
			children = (
				3F066C262192BF9600710AD5 /* Base */,
			);
			name = Main.storyboard;
			sourceTree = "<group>";
		};
		3F066C2A2192BF9700710AD5 /* LaunchScreen.storyboard */ = {
			isa = PBXVariantGroup;
			children = (
				3F066C2B2192BF9700710AD5 /* Base */,
			);
			name = LaunchScreen.storyboard;
			sourceTree = "<group>";
		};
/* End PBXVariantGroup section */

/* Begin XCBuildConfiguration section */
		3F066C442192BF9700710AD5 /* Debug */ = {
			isa = XCBuildConfiguration;
			buildSettings = {
				ALWAYS_SEARCH_USER_PATHS = NO;
				CLANG_ANALYZER_NONNULL = YES;
				CLANG_ANALYZER_NUMBER_OBJECT_CONVERSION = YES_AGGRESSIVE;
				CLANG_CXX_LANGUAGE_STANDARD = "gnu++14";
				CLANG_CXX_LIBRARY = "libc++";
				CLANG_ENABLE_MODULES = YES;
				CLANG_ENABLE_OBJC_ARC = YES;
				CLANG_ENABLE_OBJC_WEAK = YES;
				CLANG_WARN_BLOCK_CAPTURE_AUTORELEASING = YES;
				CLANG_WARN_BOOL_CONVERSION = YES;
				CLANG_WARN_COMMA = YES;
				CLANG_WARN_CONSTANT_CONVERSION = YES;
				CLANG_WARN_DEPRECATED_OBJC_IMPLEMENTATIONS = YES;
				CLANG_WARN_DIRECT_OBJC_ISA_USAGE = YES_ERROR;
				CLANG_WARN_DOCUMENTATION_COMMENTS = YES;
				CLANG_WARN_EMPTY_BODY = YES;
				CLANG_WARN_ENUM_CONVERSION = YES;
				CLANG_WARN_INFINITE_RECURSION = YES;
				CLANG_WARN_INT_CONVERSION = YES;
				CLANG_WARN_NON_LITERAL_NULL_CONVERSION = YES;
				CLANG_WARN_OBJC_IMPLICIT_RETAIN_SELF = YES;
				CLANG_WARN_OBJC_LITERAL_CONVERSION = YES;
				CLANG_WARN_OBJC_ROOT_CLASS = YES_ERROR;
				CLANG_WARN_RANGE_LOOP_ANALYSIS = YES;
				CLANG_WARN_STRICT_PROTOTYPES = YES;
				CLANG_WARN_SUSPICIOUS_MOVE = YES;
				CLANG_WARN_UNGUARDED_AVAILABILITY = YES_AGGRESSIVE;
				CLANG_WARN_UNREACHABLE_CODE = YES;
				CLANG_WARN__DUPLICATE_METHOD_MATCH = YES;
				CODE_SIGN_IDENTITY = "iPhone Developer";
				COPY_PHASE_STRIP = NO;
				DEBUG_INFORMATION_FORMAT = dwarf;
				ENABLE_STRICT_OBJC_MSGSEND = YES;
				ENABLE_TESTABILITY = YES;
				GCC_C_LANGUAGE_STANDARD = gnu11;
				GCC_DYNAMIC_NO_PIC = NO;
				GCC_NO_COMMON_BLOCKS = YES;
				GCC_OPTIMIZATION_LEVEL = 0;
				GCC_PREPROCESSOR_DEFINITIONS = (
					"DEBUG=1",
					"$(inherited)",
				);
				GCC_WARN_64_TO_32_BIT_CONVERSION = YES;
				GCC_WARN_ABOUT_RETURN_TYPE = YES_ERROR;
				GCC_WARN_UNDECLARED_SELECTOR = YES;
				GCC_WARN_UNINITIALIZED_AUTOS = YES_AGGRESSIVE;
				GCC_WARN_UNUSED_FUNCTION = YES;
				GCC_WARN_UNUSED_VARIABLE = YES;
				IPHONEOS_DEPLOYMENT_TARGET = 12.0;
				MTL_ENABLE_DEBUG_INFO = INCLUDE_SOURCE;
				MTL_FAST_MATH = YES;
				ONLY_ACTIVE_ARCH = YES;
				SDKROOT = iphoneos;
				SWIFT_ACTIVE_COMPILATION_CONDITIONS = DEBUG;
				SWIFT_OPTIMIZATION_LEVEL = "-Onone";
			};
			name = Debug;
		};
		3F066C452192BF9700710AD5 /* Release */ = {
			isa = XCBuildConfiguration;
			buildSettings = {
				ALWAYS_SEARCH_USER_PATHS = NO;
				CLANG_ANALYZER_NONNULL = YES;
				CLANG_ANALYZER_NUMBER_OBJECT_CONVERSION = YES_AGGRESSIVE;
				CLANG_CXX_LANGUAGE_STANDARD = "gnu++14";
				CLANG_CXX_LIBRARY = "libc++";
				CLANG_ENABLE_MODULES = YES;
				CLANG_ENABLE_OBJC_ARC = YES;
				CLANG_ENABLE_OBJC_WEAK = YES;
				CLANG_WARN_BLOCK_CAPTURE_AUTORELEASING = YES;
				CLANG_WARN_BOOL_CONVERSION = YES;
				CLANG_WARN_COMMA = YES;
				CLANG_WARN_CONSTANT_CONVERSION = YES;
				CLANG_WARN_DEPRECATED_OBJC_IMPLEMENTATIONS = YES;
				CLANG_WARN_DIRECT_OBJC_ISA_USAGE = YES_ERROR;
				CLANG_WARN_DOCUMENTATION_COMMENTS = YES;
				CLANG_WARN_EMPTY_BODY = YES;
				CLANG_WARN_ENUM_CONVERSION = YES;
				CLANG_WARN_INFINITE_RECURSION = YES;
				CLANG_WARN_INT_CONVERSION = YES;
				CLANG_WARN_NON_LITERAL_NULL_CONVERSION = YES;
				CLANG_WARN_OBJC_IMPLICIT_RETAIN_SELF = YES;
				CLANG_WARN_OBJC_LITERAL_CONVERSION = YES;
				CLANG_WARN_OBJC_ROOT_CLASS = YES_ERROR;
				CLANG_WARN_RANGE_LOOP_ANALYSIS = YES;
				CLANG_WARN_STRICT_PROTOTYPES = YES;
				CLANG_WARN_SUSPICIOUS_MOVE = YES;
				CLANG_WARN_UNGUARDED_AVAILABILITY = YES_AGGRESSIVE;
				CLANG_WARN_UNREACHABLE_CODE = YES;
				CLANG_WARN__DUPLICATE_METHOD_MATCH = YES;
				CODE_SIGN_IDENTITY = "iPhone Developer";
				COPY_PHASE_STRIP = NO;
				DEBUG_INFORMATION_FORMAT = "dwarf-with-dsym";
				ENABLE_NS_ASSERTIONS = NO;
				ENABLE_STRICT_OBJC_MSGSEND = YES;
				GCC_C_LANGUAGE_STANDARD = gnu11;
				GCC_NO_COMMON_BLOCKS = YES;
				GCC_WARN_64_TO_32_BIT_CONVERSION = YES;
				GCC_WARN_ABOUT_RETURN_TYPE = YES_ERROR;
				GCC_WARN_UNDECLARED_SELECTOR = YES;
				GCC_WARN_UNINITIALIZED_AUTOS = YES_AGGRESSIVE;
				GCC_WARN_UNUSED_FUNCTION = YES;
				GCC_WARN_UNUSED_VARIABLE = YES;
				IPHONEOS_DEPLOYMENT_TARGET = 12.0;
				MTL_ENABLE_DEBUG_INFO = NO;
				MTL_FAST_MATH = YES;
				SDKROOT = iphoneos;
				SWIFT_COMPILATION_MODE = wholemodule;
				SWIFT_OPTIMIZATION_LEVEL = "-O";
				VALIDATE_PRODUCT = YES;
			};
			name = Release;
		};
		3F066C472192BF9700710AD5 /* Debug */ = {
			isa = XCBuildConfiguration;
			buildSettings = {
				ASSETCATALOG_COMPILER_APPICON_NAME = AppIcon;
				CODE_SIGN_STYLE = Automatic;
				INFOPLIST_FILE = scrollView/Info.plist;
				LD_RUNPATH_SEARCH_PATHS = (
					"$(inherited)",
					"@executable_path/Frameworks",
				);
				PRODUCT_BUNDLE_IDENTIFIER = "-016110445.scrollView";
				PRODUCT_NAME = "$(TARGET_NAME)";
				SWIFT_VERSION = 4.2;
				TARGETED_DEVICE_FAMILY = "1,2";
			};
			name = Debug;
		};
		3F066C482192BF9700710AD5 /* Release */ = {
			isa = XCBuildConfiguration;
			buildSettings = {
				ASSETCATALOG_COMPILER_APPICON_NAME = AppIcon;
				CODE_SIGN_STYLE = Automatic;
				INFOPLIST_FILE = scrollView/Info.plist;
				LD_RUNPATH_SEARCH_PATHS = (
					"$(inherited)",
					"@executable_path/Frameworks",
				);
				PRODUCT_BUNDLE_IDENTIFIER = "-016110445.scrollView";
				PRODUCT_NAME = "$(TARGET_NAME)";
				SWIFT_VERSION = 4.2;
				TARGETED_DEVICE_FAMILY = "1,2";
			};
			name = Release;
		};
		3F066C4A2192BF9700710AD5 /* Debug */ = {
			isa = XCBuildConfiguration;
			buildSettings = {
				ALWAYS_EMBED_SWIFT_STANDARD_LIBRARIES = YES;
				BUNDLE_LOADER = "$(TEST_HOST)";
				CODE_SIGN_STYLE = Automatic;
				INFOPLIST_FILE = scrollViewTests/Info.plist;
				LD_RUNPATH_SEARCH_PATHS = (
					"$(inherited)",
					"@executable_path/Frameworks",
					"@loader_path/Frameworks",
				);
				PRODUCT_BUNDLE_IDENTIFIER = "-016110445.scrollViewTests";
				PRODUCT_NAME = "$(TARGET_NAME)";
				SWIFT_VERSION = 4.2;
				TARGETED_DEVICE_FAMILY = "1,2";
				TEST_HOST = "$(BUILT_PRODUCTS_DIR)/scrollView.app/scrollView";
			};
			name = Debug;
		};
		3F066C4B2192BF9700710AD5 /* Release */ = {
			isa = XCBuildConfiguration;
			buildSettings = {
				ALWAYS_EMBED_SWIFT_STANDARD_LIBRARIES = YES;
				BUNDLE_LOADER = "$(TEST_HOST)";
				CODE_SIGN_STYLE = Automatic;
				INFOPLIST_FILE = scrollViewTests/Info.plist;
				LD_RUNPATH_SEARCH_PATHS = (
					"$(inherited)",
					"@executable_path/Frameworks",
					"@loader_path/Frameworks",
				);
				PRODUCT_BUNDLE_IDENTIFIER = "-016110445.scrollViewTests";
				PRODUCT_NAME = "$(TARGET_NAME)";
				SWIFT_VERSION = 4.2;
				TARGETED_DEVICE_FAMILY = "1,2";
				TEST_HOST = "$(BUILT_PRODUCTS_DIR)/scrollView.app/scrollView";
			};
			name = Release;
		};
		3F066C4D2192BF9700710AD5 /* Debug */ = {
			isa = XCBuildConfiguration;
			buildSettings = {
				ALWAYS_EMBED_SWIFT_STANDARD_LIBRARIES = YES;
				CODE_SIGN_STYLE = Automatic;
				INFOPLIST_FILE = scrollViewUITests/Info.plist;
				LD_RUNPATH_SEARCH_PATHS = (
					"$(inherited)",
					"@executable_path/Frameworks",
					"@loader_path/Frameworks",
				);
				PRODUCT_BUNDLE_IDENTIFIER = "-016110445.scrollViewUITests";
				PRODUCT_NAME = "$(TARGET_NAME)";
				SWIFT_VERSION = 4.2;
				TARGETED_DEVICE_FAMILY = "1,2";
				TEST_TARGET_NAME = scrollView;
			};
			name = Debug;
		};
		3F066C4E2192BF9700710AD5 /* Release */ = {
			isa = XCBuildConfiguration;
			buildSettings = {
				ALWAYS_EMBED_SWIFT_STANDARD_LIBRARIES = YES;
				CODE_SIGN_STYLE = Automatic;
				INFOPLIST_FILE = scrollViewUITests/Info.plist;
				LD_RUNPATH_SEARCH_PATHS = (
					"$(inherited)",
					"@executable_path/Frameworks",
					"@loader_path/Frameworks",
				);
				PRODUCT_BUNDLE_IDENTIFIER = "-016110445.scrollViewUITests";
				PRODUCT_NAME = "$(TARGET_NAME)";
				SWIFT_VERSION = 4.2;
				TARGETED_DEVICE_FAMILY = "1,2";
				TEST_TARGET_NAME = scrollView;
			};
			name = Release;
		};
/* End XCBuildConfiguration section */

/* Begin XCConfigurationList section */
		3F066C192192BF9600710AD5 /* Build configuration list for PBXProject "scrollView" */ = {
			isa = XCConfigurationList;
			buildConfigurations = (
				3F066C442192BF9700710AD5 /* Debug */,
				3F066C452192BF9700710AD5 /* Release */,
			);
			defaultConfigurationIsVisible = 0;
			defaultConfigurationName = Release;
		};
		3F066C462192BF9700710AD5 /* Build configuration list for PBXNativeTarget "scrollView" */ = {
			isa = XCConfigurationList;
			buildConfigurations = (
				3F066C472192BF9700710AD5 /* Debug */,
				3F066C482192BF9700710AD5 /* Release */,
			);
			defaultConfigurationIsVisible = 0;
			defaultConfigurationName = Release;
		};
		3F066C492192BF9700710AD5 /* Build configuration list for PBXNativeTarget "scrollViewTests" */ = {
			isa = XCConfigurationList;
			buildConfigurations = (
				3F066C4A2192BF9700710AD5 /* Debug */,
				3F066C4B2192BF9700710AD5 /* Release */,
			);
			defaultConfigurationIsVisible = 0;
			defaultConfigurationName = Release;
		};
		3F066C4C2192BF9700710AD5 /* Build configuration list for PBXNativeTarget "scrollViewUITests" */ = {
			isa = XCConfigurationList;
			buildConfigurations = (
				3F066C4D2192BF9700710AD5 /* Debug */,
				3F066C4E2192BF9700710AD5 /* Release */,
			);
			defaultConfigurationIsVisible = 0;
			defaultConfigurationName = Release;
		};
/* End XCConfigurationList section */
	};
	rootObject = 3F066C162192BF9600710AD5 /* Project object */;
}
